
Microsoft Visual Studio Solution File, Format Version 12.00
# Visual Studio Version 17
VisualStudioVersion = 17.14.36401.2 d17.14
MinimumVisualStudioVersion = 10.0.40219.1
Project("{FAE04EC0-301F-11D3-BF4B-00C04F79EFBC}") = "ef-linq-tutorial-2025-08-12", "ef-linq-tutorial-2025-08-12\ef-linq-tutorial-2025-08-12.csproj", "{735E9776-20FB-45AC-A6F8-851F120A101C}"
EndProject
Global
	GlobalSection(SolutionConfigurationPlatforms) = preSolution
		Debug|Any CPU = Debug|Any CPU
		Release|Any CPU = Release|Any CPU
	EndGlobalSection
	GlobalSection(ProjectConfigurationPlatforms) = postSolution
		{735E9776-20FB-45AC-A6F8-851F120A101C}.Debug|Any CPU.ActiveCfg = Debug|Any CPU
		{735E9776-20FB-45AC-A6F8-851F120A101C}.Debug|Any CPU.Build.0 = Debug|Any CPU
		{735E9776-20FB-45AC-A6F8-851F120A101C}.Release|Any CPU.ActiveCfg = Release|Any CPU
		{735E9776-20FB-45AC-A6F8-851F120A101C}.Release|Any CPU.Build.0 = Release|Any CPU
	EndGlobalSection
	GlobalSection(SolutionProperties) = preSolution
		HideSolutionNode = FALSE
	EndGlobalSection
	GlobalSection(ExtensibilityGlobals) = postSolution
		SolutionGuid = {8EF261C4-B5ED-4712-AF56-3F2B5ECD9D58}
	EndGlobalSection
EndGlobal
